{
  "name": "fcp-mpdp-core",
  "version": "0.0.0",
  "lockfileVersion": 3,
  "requires": true,
  "packages": {
    "": {
      "name": "fcp-mpdp-core",
      "version": "0.0.0",
      "license": "ISC",
      "dependencies": {
        "@faker-js/faker": "github:faker-js/faker"
      }
    },
    "node_modules/@faker-js/faker": {
      "version": "10.0.0-beta.0",
      "resolved": "git+ssh://git@github.com/faker-js/faker.git#e7d76f9b247c3ae7fba3a0eff2cbcfb67d64f6c7",
      "funding": [
        {
          "type": "opencollective",
          "url": "https://opencollective.com/fakerjs"
        }
      ],
      "license": "MIT",
      "engines": {
        "node": "^20.19.0 || ^22.13.0 || ^23.5.0 || >=24.0.0",
        "npm": ">=10"
      }
    }
  }
}
